
Microsoft Visual Studio Solution File, Format Version 12.00
# Visual Studio Version 16
VisualStudioVersion = 16.0.30413.136
MinimumVisualStudioVersion = 10.0.40219.1
Project("{FAE04EC0-301F-11D3-BF4B-00C04F79EFBC}") = "Ejercicio1", "Ejercicio1\Ejercicio1.csproj", "{965397D0-2424-40A8-B9A6-F2A7DC895870}"
EndProject
Global
	GlobalSection(SolutionConfigurationPlatforms) = preSolution
		Debug|Any CPU = Debug|Any CPU
		Release|Any CPU = Release|Any CPU
	EndGlobalSection
	GlobalSection(ProjectConfigurationPlatforms) = postSolution
		{965397D0-2424-40A8-B9A6-F2A7DC895870}.Debug|Any CPU.ActiveCfg = Debug|Any CPU
		{965397D0-2424-40A8-B9A6-F2A7DC895870}.Debug|Any CPU.Build.0 = Debug|Any CPU
		{965397D0-2424-40A8-B9A6-F2A7DC895870}.Release|Any CPU.ActiveCfg = Release|Any CPU
		{965397D0-2424-40A8-B9A6-F2A7DC895870}.Release|Any CPU.Build.0 = Release|Any CPU
	EndGlobalSection
	GlobalSection(SolutionProperties) = preSolution
		HideSolutionNode = FALSE
	EndGlobalSection
	GlobalSection(ExtensibilityGlobals) = postSolution
		SolutionGuid = {A1F720B0-DE60-4ECD-8847-1854B6B98869}
	EndGlobalSection
EndGlobal
