
Microsoft Visual Studio Solution File, Format Version 12.00
# Visual Studio Version 16
VisualStudioVersion = 16.0.30413.136
MinimumVisualStudioVersion = 10.0.40219.1
Project("{FAE04EC0-301F-11D3-BF4B-00C04F79EFBC}") = "Ejercicio5", "Ejercicio5\Ejercicio5.csproj", "{0C18F57C-D656-4A3C-8551-853FA7824A97}"
EndProject
Global
	GlobalSection(SolutionConfigurationPlatforms) = preSolution
		Debug|Any CPU = Debug|Any CPU
		Release|Any CPU = Release|Any CPU
	EndGlobalSection
	GlobalSection(ProjectConfigurationPlatforms) = postSolution
		{0C18F57C-D656-4A3C-8551-853FA7824A97}.Debug|Any CPU.ActiveCfg = Debug|Any CPU
		{0C18F57C-D656-4A3C-8551-853FA7824A97}.Debug|Any CPU.Build.0 = Debug|Any CPU
		{0C18F57C-D656-4A3C-8551-853FA7824A97}.Release|Any CPU.ActiveCfg = Release|Any CPU
		{0C18F57C-D656-4A3C-8551-853FA7824A97}.Release|Any CPU.Build.0 = Release|Any CPU
	EndGlobalSection
	GlobalSection(SolutionProperties) = preSolution
		HideSolutionNode = FALSE
	EndGlobalSection
	GlobalSection(ExtensibilityGlobals) = postSolution
		SolutionGuid = {3867584C-F9AB-46DF-8CBA-357DEB67EDEB}
	EndGlobalSection
EndGlobal
